
Microsoft Visual Studio Solution File, Format Version 12.00
# Visual Studio Version 16
VisualStudioVersion = 16.0.31729.503
MinimumVisualStudioVersion = 10.0.40219.1
Project("{151D2E53-A2C4-4D7D-83FE-D05416EBD58E}") = "AzureResourceGroup-webapp-sql", "AzureResourceGroup-webapp-sql\AzureResourceGroup-webapp-sql.deployproj", "{07195AE1-8CC0-44F8-B348-20D39D7EFABF}"
EndProject
Global
	GlobalSection(SolutionConfigurationPlatforms) = preSolution
		Debug|Any CPU = Debug|Any CPU
		Release|Any CPU = Release|Any CPU
	EndGlobalSection
	GlobalSection(ProjectConfigurationPlatforms) = postSolution
		{07195AE1-8CC0-44F8-B348-20D39D7EFABF}.Debug|Any CPU.ActiveCfg = Debug|Any CPU
		{07195AE1-8CC0-44F8-B348-20D39D7EFABF}.Debug|Any CPU.Build.0 = Debug|Any CPU
		{07195AE1-8CC0-44F8-B348-20D39D7EFABF}.Release|Any CPU.ActiveCfg = Release|Any CPU
		{07195AE1-8CC0-44F8-B348-20D39D7EFABF}.Release|Any CPU.Build.0 = Release|Any CPU
	EndGlobalSection
	GlobalSection(SolutionProperties) = preSolution
		HideSolutionNode = FALSE
	EndGlobalSection
	GlobalSection(ExtensibilityGlobals) = postSolution
		SolutionGuid = {935F9C15-4B4E-4650-A2CF-F82D76C04254}
	EndGlobalSection
EndGlobal
